<?xml version="1.0" encoding="utf-8"?>
<Project ToolsVersion="4.0" xmlns="http://schemas.microsoft.com/developer/msbuild/2003">
  <ItemGroup>
    <Filter Include="Source Files">
      <UniqueIdentifier>{4FC737F1-C7A5-4376-A066-2A32D752A2FF}</UniqueIdentifier>
      <Extensions>cpp;c;cc;cxx;def;odl;idl;hpj;bat;asm;asmx</Extensions>
    </Filter>
    <Filter Include="Header Files">
      <UniqueIdentifier>{93995380-89BD-4b04-88EB-625FBE52EBFB}</UniqueIdentifier>
      <Extensions>h;hh;hpp;hxx;hm;inl;inc;ipp;xsd</Extensions>
    </Filter>
    <Filter Include="Header Files\FFXIV">
      <UniqueIdentifier>{973ae75d-676e-4b6e-857b-87fcc34f23e0}</UniqueIdentifier>
    </Filter>
    <Filter Include="Source Files\Hooking">
      <UniqueIdentifier>{4297a585-bf36-4fd8-9d43-78c5cc2b46a6}</UniqueIdentifier>
    </Filter>
    <Filter Include="Extra Files">
      <UniqueIdentifier>{cf44d9ef-2459-4afd-bf8c-6a13e6bfb8e3}</UniqueIdentifier>
    </Filter>
    <Filter Include="Extra Files\Lua 5.1.4">
      <UniqueIdentifier>{d7ebd9e2-dc6d-4fc0-9ef5-33f94b2306bd}</UniqueIdentifier>
    </Filter>
    <Filter Include="Extra Files\ImGUI">
      <UniqueIdentifier>{b87b2f54-1d2c-4fe1-8e0b-020bc37020cc}</UniqueIdentifier>
    </Filter>
    <Filter Include="Extra Files\Detours">
      <UniqueIdentifier>{88d8ffa6-514c-43ac-8e54-3523d7ec01e1}</UniqueIdentifier>
    </Filter>
    <Filter Include="Source Files\System">
      <UniqueIdentifier>{e5010dc4-de89-408f-a95f-8e37bc71b7c7}</UniqueIdentifier>
    </Filter>
    <Filter Include="Source Files\Lua">
      <UniqueIdentifier>{9bd4bf32-55c8-4e27-9689-e2b322c3e195}</UniqueIdentifier>
    </Filter>
    <Filter Include="Resource Files">
      <UniqueIdentifier>{ed75defb-5f60-4004-9eea-e70b5fa3b326}</UniqueIdentifier>
    </Filter>
    <Filter Include="Source Files\Rapture System">
      <UniqueIdentifier>{819b9ba7-d14c-4093-bf20-b0dcbd2a8175}</UniqueIdentifier>
    </Filter>
  </ItemGroup>
  <ItemGroup>
    <ClCompile Include="..\imgui\examples\imgui_impl_win32.cpp">
      <Filter>Extra Files\ImGUI</Filter>
    </ClCompile>
    <ClCompile Include="..\imgui\examples\imgui_impl_dx11.cpp">
      <Filter>Extra Files\ImGUI</Filter>
    </ClCompile>
    <ClCompile Include="..\imgui\imgui_widgets.cpp">
      <Filter>Extra Files\ImGUI</Filter>
    </ClCompile>
    <ClCompile Include="..\imgui\imgui.cpp">
      <Filter>Extra Files\ImGUI</Filter>
    </ClCompile>
    <ClCompile Include="..\imgui\imgui_demo.cpp">
      <Filter>Extra Files\ImGUI</Filter>
    </ClCompile>
    <ClCompile Include="..\imgui\imgui_draw.cpp">
      <Filter>Extra Files\ImGUI</Filter>
    </ClCompile>
    <ClCompile Include="lua\lapi.c">
      <Filter>Extra Files\Lua 5.1.4</Filter>
    </ClCompile>
    <ClCompile Include="lua\lauxlib.c">
      <Filter>Extra Files\Lua 5.1.4</Filter>
    </ClCompile>
    <ClCompile Include="lua\lbaselib.c">
      <Filter>Extra Files\Lua 5.1.4</Filter>
    </ClCompile>
    <ClCompile Include="lua\lcode.c">
      <Filter>Extra Files\Lua 5.1.4</Filter>
    </ClCompile>
    <ClCompile Include="lua\ldblib.c">
      <Filter>Extra Files\Lua 5.1.4</Filter>
    </ClCompile>
    <ClCompile Include="lua\ldebug.c">
      <Filter>Extra Files\Lua 5.1.4</Filter>
    </ClCompile>
    <ClCompile Include="lua\ldo.c">
      <Filter>Extra Files\Lua 5.1.4</Filter>
    </ClCompile>
    <ClCompile Include="lua\ldump.c">
      <Filter>Extra Files\Lua 5.1.4</Filter>
    </ClCompile>
    <ClCompile Include="lua\lfunc.c">
      <Filter>Extra Files\Lua 5.1.4</Filter>
    </ClCompile>
    <ClCompile Include="lua\lgc.c">
      <Filter>Extra Files\Lua 5.1.4</Filter>
    </ClCompile>
    <ClCompile Include="lua\linit.c">
      <Filter>Extra Files\Lua 5.1.4</Filter>
    </ClCompile>
    <ClCompile Include="lua\liolib.c">
      <Filter>Extra Files\Lua 5.1.4</Filter>
    </ClCompile>
    <ClCompile Include="lua\llex.c">
      <Filter>Extra Files\Lua 5.1.4</Filter>
    </ClCompile>
    <ClCompile Include="lua\lmathlib.c">
      <Filter>Extra Files\Lua 5.1.4</Filter>
    </ClCompile>
    <ClCompile Include="lua\lmem.c">
      <Filter>Extra Files\Lua 5.1.4</Filter>
    </ClCompile>
    <ClCompile Include="lua\loadlib.c">
      <Filter>Extra Files\Lua 5.1.4</Filter>
    </ClCompile>
    <ClCompile Include="lua\lobject.c">
      <Filter>Extra Files\Lua 5.1.4</Filter>
    </ClCompile>
    <ClCompile Include="lua\lopcodes.c">
      <Filter>Extra Files\Lua 5.1.4</Filter>
    </ClCompile>
    <ClCompile Include="lua\loslib.c">
      <Filter>Extra Files\Lua 5.1.4</Filter>
    </ClCompile>
    <ClCompile Include="lua\lparser.c">
      <Filter>Extra Files\Lua 5.1.4</Filter>
    </ClCompile>
    <ClCompile Include="lua\lstate.c">
      <Filter>Extra Files\Lua 5.1.4</Filter>
    </ClCompile>
    <ClCompile Include="lua\lstring.c">
      <Filter>Extra Files\Lua 5.1.4</Filter>
    </ClCompile>
    <ClCompile Include="lua\lstrlib.c">
      <Filter>Extra Files\Lua 5.1.4</Filter>
    </ClCompile>
    <ClCompile Include="lua\ltable.c">
      <Filter>Extra Files\Lua 5.1.4</Filter>
    </ClCompile>
    <ClCompile Include="lua\ltablib.c">
      <Filter>Extra Files\Lua 5.1.4</Filter>
    </ClCompile>
    <ClCompile Include="lua\ltm.c">
      <Filter>Extra Files\Lua 5.1.4</Filter>
    </ClCompile>
    <ClCompile Include="lua\luac.c">
      <Filter>Extra Files\Lua 5.1.4</Filter>
    </ClCompile>
    <ClCompile Include="lua\lundump.c">
      <Filter>Extra Files\Lua 5.1.4</Filter>
    </ClCompile>
    <ClCompile Include="lua\lvm.c">
      <Filter>Extra Files\Lua 5.1.4</Filter>
    </ClCompile>
    <ClCompile Include="lua\lzio.c">
      <Filter>Extra Files\Lua 5.1.4</Filter>
    </ClCompile>
    <ClCompile Include="lua\print.c">
      <Filter>Extra Files\Lua 5.1.4</Filter>
    </ClCompile>
    <ClCompile Include="src\main.cpp">
      <Filter>Source Files</Filter>
    </ClCompile>
    <ClCompile Include="..\Detours\src\disasm.cpp">
      <Filter>Extra Files\Detours</Filter>
    </ClCompile>
    <ClCompile Include="..\Detours\src\disolarm.cpp">
      <Filter>Extra Files\Detours</Filter>
    </ClCompile>
    <ClCompile Include="..\Detours\src\disolarm64.cpp">
      <Filter>Extra Files\Detours</Filter>
    </ClCompile>
    <ClCompile Include="..\Detours\src\disolia64.cpp">
      <Filter>Extra Files\Detours</Filter>
    </ClCompile>
    <ClCompile Include="..\Detours\src\disolx64.cpp">
      <Filter>Extra Files\Detours</Filter>
    </ClCompile>
    <ClCompile Include="..\Detours\src\disolx86.cpp">
      <Filter>Extra Files\Detours</Filter>
    </ClCompile>
    <ClCompile Include="..\Detours\src\image.cpp">
      <Filter>Extra Files\Detours</Filter>
    </ClCompile>
    <ClCompile Include="..\Detours\src\modules.cpp">
      <Filter>Extra Files\Detours</Filter>
    </ClCompile>
    <ClCompile Include="..\Detours\src\creatwth.cpp">
      <Filter>Extra Files\Detours</Filter>
    </ClCompile>
    <ClCompile Include="..\Detours\src\detours.cpp">
      <Filter>Extra Files\Detours</Filter>
    </ClCompile>
    <ClCompile Include="RaptureSys.cpp">
      <Filter>Source Files\Hooking</Filter>
    </ClCompile>
    <ClCompile Include="src\SwapChain.cpp">
      <Filter>Source Files\System</Filter>
    </ClCompile>
    <ClCompile Include="src\WndProc.cpp">
      <Filter>Source Files\System</Filter>
    </ClCompile>
    <ClCompile Include="src\VM.cpp">
      <Filter>Source Files\Lua</Filter>
    </ClCompile>
    <ClCompile Include="Console.cpp">
      <Filter>Source Files\Lua</Filter>
    </ClCompile>
    <ClCompile Include="src\Debug.cpp">
      <Filter>Source Files\System</Filter>
    </ClCompile>
    <ClCompile Include="src\Misc.cpp">
      <Filter>Source Files</Filter>
    </ClCompile>
    <ClCompile Include="Market.cpp">
      <Filter>Source Files\Hooking</Filter>
    </ClCompile>
    <ClCompile Include="Network.cpp">
      <Filter>Source Files\Hooking</Filter>
    </ClCompile>
    <ClCompile Include="Context.cpp">
      <Filter>Source Files\Hooking</Filter>
    </ClCompile>
    <ClCompile Include="rapture\ForceQueue.cpp">
      <Filter>Source Files\Rapture System</Filter>
    </ClCompile>
    <ClCompile Include="rapture\IconSwaps.cpp">
      <Filter>Source Files\Rapture System</Filter>
    </ClCompile>
  </ItemGroup>
  <ItemGroup>
    <ClInclude Include="sdk\base.h">
      <Filter>Header Files</Filter>
    </ClInclude>
    <ClInclude Include="sdk\repl.h">
      <Filter>Header Files</Filter>
    </ClInclude>
    <ClInclude Include="sdk\user.h">
      <Filter>Header Files</Filter>
    </ClInclude>
    <ClInclude Include="sdk\vmt.h">
      <Filter>Header Files</Filter>
    </ClInclude>
    <ClInclude Include="res\resource.h">
      <Filter>Resource Files</Filter>
    </ClInclude>
    <ClInclude Include="sdk\log.h">
      <Filter>Header Files</Filter>
    </ClInclude>
    <ClInclude Include="xiv\Actor.h">
      <Filter>Header Files\FFXIV</Filter>
    </ClInclude>
    <ClInclude Include="xiv\ChatLog.h">
      <Filter>Header Files\FFXIV</Filter>
    </ClInclude>
    <ClInclude Include="xiv\Quest.h">
      <Filter>Header Files\FFXIV</Filter>
    </ClInclude>
    <ClInclude Include="xiv\Network.h">
      <Filter>Header Files\FFXIV</Filter>
    </ClInclude>
    <ClInclude Include="xiv\Market.h">
      <Filter>Header Files\FFXIV</Filter>
    </ClInclude>
    <ClInclude Include="xiv\types.h">
      <Filter>Header Files\FFXIV</Filter>
    </ClInclude>
    <ClInclude Include="rapture\main.h">
      <Filter>Source Files\Rapture System</Filter>
    </ClInclude>
  </ItemGroup>
  <ItemGroup>
    <ResourceCompile Include="res\project.rc">
      <Filter>Resource Files</Filter>
    </ResourceCompile>
  </ItemGroup>
</Project>