<?xml version="1.0" encoding="utf-8"?>
<Project ToolsVersion="4.0" xmlns="http://schemas.microsoft.com/developer/msbuild/2003">
  <ItemGroup>
    <Filter Include="System Folders">
      <UniqueIdentifier>{f1b151b0-3add-4854-9fb9-4b229f1ca811}</UniqueIdentifier>
    </Filter>
    <Filter Include="System Folders\Action System">
      <UniqueIdentifier>{819b9ba7-d14c-4093-bf20-b0dcbd2a8175}</UniqueIdentifier>
    </Filter>
    <Filter Include="System Folders\User System">
      <UniqueIdentifier>{c23c7461-f5b4-4d9b-92a6-fac70232b652}</UniqueIdentifier>
    </Filter>
    <Filter Include="System Folders\LuaVM">
      <UniqueIdentifier>{9bd4bf32-55c8-4e27-9689-e2b322c3e195}</UniqueIdentifier>
    </Filter>
    <Filter Include="Source App">
      <UniqueIdentifier>{e5010dc4-de89-408f-a95f-8e37bc71b7c7}</UniqueIdentifier>
    </Filter>
    <Filter Include="Source App\Immediate Mode">
      <UniqueIdentifier>{25a980c3-136f-407d-9118-f37ccf465430}</UniqueIdentifier>
    </Filter>
    <Filter Include="Whatever Files">
      <UniqueIdentifier>{4297a585-bf36-4fd8-9d43-78c5cc2b46a6}</UniqueIdentifier>
    </Filter>
    <Filter Include="Source App\Additional Files">
      <UniqueIdentifier>{ed75defb-5f60-4004-9eea-e70b5fa3b326}</UniqueIdentifier>
    </Filter>
    <Filter Include="Import Folders">
      <UniqueIdentifier>{cf44d9ef-2459-4afd-bf8c-6a13e6bfb8e3}</UniqueIdentifier>
    </Filter>
    <Filter Include="Import Folders\ImGUI">
      <UniqueIdentifier>{b87b2f54-1d2c-4fe1-8e0b-020bc37020cc}</UniqueIdentifier>
    </Filter>
    <Filter Include="Import Folders\Detours">
      <UniqueIdentifier>{88d8ffa6-514c-43ac-8e54-3523d7ec01e1}</UniqueIdentifier>
    </Filter>
    <Filter Include="Import Folders\Lua 5.1.5">
      <UniqueIdentifier>{d7ebd9e2-dc6d-4fc0-9ef5-33f94b2306bd}</UniqueIdentifier>
    </Filter>
    <Filter Include="System Folders\Structures">
      <UniqueIdentifier>{7619ecf0-060e-42c9-89ce-d39a0e6c4220}</UniqueIdentifier>
    </Filter>
    <Filter Include="Whatever Files\Header Files">
      <UniqueIdentifier>{93995380-89BD-4b04-88EB-625FBE52EBFB}</UniqueIdentifier>
      <Extensions>h;hh;hpp;hxx;hm;inl;inc;ipp;xsd</Extensions>
    </Filter>
    <Filter Include="Source App\Debug Mode">
      <UniqueIdentifier>{2e1d4978-8b2a-43ca-af95-26893448a671}</UniqueIdentifier>
    </Filter>
    <Filter Include="Source App\Core Headers">
      <UniqueIdentifier>{47bba1de-79bb-4f92-93cb-0ff0baa2d912}</UniqueIdentifier>
    </Filter>
  </ItemGroup>
  <ItemGroup>
    <ClCompile Include="..\imgui\examples\imgui_impl_win32.cpp">
      <Filter>Import Folders\ImGUI</Filter>
    </ClCompile>
    <ClCompile Include="..\imgui\examples\imgui_impl_dx11.cpp">
      <Filter>Import Folders\ImGUI</Filter>
    </ClCompile>
    <ClCompile Include="..\imgui\imgui_widgets.cpp">
      <Filter>Import Folders\ImGUI</Filter>
    </ClCompile>
    <ClCompile Include="..\imgui\imgui.cpp">
      <Filter>Import Folders\ImGUI</Filter>
    </ClCompile>
    <ClCompile Include="..\imgui\imgui_demo.cpp">
      <Filter>Import Folders\ImGUI</Filter>
    </ClCompile>
    <ClCompile Include="..\imgui\imgui_draw.cpp">
      <Filter>Import Folders\ImGUI</Filter>
    </ClCompile>
    <ClCompile Include="..\Detours\src\disasm.cpp">
      <Filter>Import Folders\Detours</Filter>
    </ClCompile>
    <ClCompile Include="..\Detours\src\disolarm.cpp">
      <Filter>Import Folders\Detours</Filter>
    </ClCompile>
    <ClCompile Include="..\Detours\src\disolarm64.cpp">
      <Filter>Import Folders\Detours</Filter>
    </ClCompile>
    <ClCompile Include="..\Detours\src\disolia64.cpp">
      <Filter>Import Folders\Detours</Filter>
    </ClCompile>
    <ClCompile Include="..\Detours\src\disolx64.cpp">
      <Filter>Import Folders\Detours</Filter>
    </ClCompile>
    <ClCompile Include="..\Detours\src\disolx86.cpp">
      <Filter>Import Folders\Detours</Filter>
    </ClCompile>
    <ClCompile Include="..\Detours\src\image.cpp">
      <Filter>Import Folders\Detours</Filter>
    </ClCompile>
    <ClCompile Include="..\Detours\src\modules.cpp">
      <Filter>Import Folders\Detours</Filter>
    </ClCompile>
    <ClCompile Include="..\Detours\src\creatwth.cpp">
      <Filter>Import Folders\Detours</Filter>
    </ClCompile>
    <ClCompile Include="..\Detours\src\detours.cpp">
      <Filter>Import Folders\Detours</Filter>
    </ClCompile>
    <ClCompile Include="RaptureSys.cpp">
      <Filter>Whatever Files</Filter>
    </ClCompile>
    <ClCompile Include="Market.cpp">
      <Filter>Whatever Files</Filter>
    </ClCompile>
    <ClCompile Include="Network.cpp">
      <Filter>Whatever Files</Filter>
    </ClCompile>
    <ClCompile Include="Context.cpp">
      <Filter>Whatever Files</Filter>
    </ClCompile>
    <ClCompile Include="ActionSystem\ForceQueue.cpp">
      <Filter>System Folders\Action System</Filter>
    </ClCompile>
    <ClCompile Include="ActionSystem\IconSwaps.cpp">
      <Filter>System Folders\Action System</Filter>
    </ClCompile>
    <ClCompile Include="..\lua\lapi.c">
      <Filter>Import Folders\Lua 5.1.5</Filter>
    </ClCompile>
    <ClCompile Include="..\lua\lauxlib.c">
      <Filter>Import Folders\Lua 5.1.5</Filter>
    </ClCompile>
    <ClCompile Include="..\lua\lbaselib.c">
      <Filter>Import Folders\Lua 5.1.5</Filter>
    </ClCompile>
    <ClCompile Include="..\lua\lcode.c">
      <Filter>Import Folders\Lua 5.1.5</Filter>
    </ClCompile>
    <ClCompile Include="..\lua\ldblib.c">
      <Filter>Import Folders\Lua 5.1.5</Filter>
    </ClCompile>
    <ClCompile Include="..\lua\ldebug.c">
      <Filter>Import Folders\Lua 5.1.5</Filter>
    </ClCompile>
    <ClCompile Include="..\lua\ldo.c">
      <Filter>Import Folders\Lua 5.1.5</Filter>
    </ClCompile>
    <ClCompile Include="..\lua\ldump.c">
      <Filter>Import Folders\Lua 5.1.5</Filter>
    </ClCompile>
    <ClCompile Include="..\lua\lfunc.c">
      <Filter>Import Folders\Lua 5.1.5</Filter>
    </ClCompile>
    <ClCompile Include="..\lua\lgc.c">
      <Filter>Import Folders\Lua 5.1.5</Filter>
    </ClCompile>
    <ClCompile Include="..\lua\linit.c">
      <Filter>Import Folders\Lua 5.1.5</Filter>
    </ClCompile>
    <ClCompile Include="..\lua\liolib.c">
      <Filter>Import Folders\Lua 5.1.5</Filter>
    </ClCompile>
    <ClCompile Include="..\lua\llex.c">
      <Filter>Import Folders\Lua 5.1.5</Filter>
    </ClCompile>
    <ClCompile Include="..\lua\lmathlib.c">
      <Filter>Import Folders\Lua 5.1.5</Filter>
    </ClCompile>
    <ClCompile Include="..\lua\lmem.c">
      <Filter>Import Folders\Lua 5.1.5</Filter>
    </ClCompile>
    <ClCompile Include="..\lua\loadlib.c">
      <Filter>Import Folders\Lua 5.1.5</Filter>
    </ClCompile>
    <ClCompile Include="..\lua\lobject.c">
      <Filter>Import Folders\Lua 5.1.5</Filter>
    </ClCompile>
    <ClCompile Include="..\lua\lopcodes.c">
      <Filter>Import Folders\Lua 5.1.5</Filter>
    </ClCompile>
    <ClCompile Include="..\lua\loslib.c">
      <Filter>Import Folders\Lua 5.1.5</Filter>
    </ClCompile>
    <ClCompile Include="..\lua\lparser.c">
      <Filter>Import Folders\Lua 5.1.5</Filter>
    </ClCompile>
    <ClCompile Include="..\lua\lstate.c">
      <Filter>Import Folders\Lua 5.1.5</Filter>
    </ClCompile>
    <ClCompile Include="..\lua\lstring.c">
      <Filter>Import Folders\Lua 5.1.5</Filter>
    </ClCompile>
    <ClCompile Include="..\lua\lstrlib.c">
      <Filter>Import Folders\Lua 5.1.5</Filter>
    </ClCompile>
    <ClCompile Include="..\lua\ltable.c">
      <Filter>Import Folders\Lua 5.1.5</Filter>
    </ClCompile>
    <ClCompile Include="..\lua\ltablib.c">
      <Filter>Import Folders\Lua 5.1.5</Filter>
    </ClCompile>
    <ClCompile Include="..\lua\ltm.c">
      <Filter>Import Folders\Lua 5.1.5</Filter>
    </ClCompile>
    <ClCompile Include="..\lua\luac.c">
      <Filter>Import Folders\Lua 5.1.5</Filter>
    </ClCompile>
    <ClCompile Include="..\lua\lundump.c">
      <Filter>Import Folders\Lua 5.1.5</Filter>
    </ClCompile>
    <ClCompile Include="..\lua\lvm.c">
      <Filter>Import Folders\Lua 5.1.5</Filter>
    </ClCompile>
    <ClCompile Include="..\lua\lzio.c">
      <Filter>Import Folders\Lua 5.1.5</Filter>
    </ClCompile>
    <ClCompile Include="..\lua\print.c">
      <Filter>Import Folders\Lua 5.1.5</Filter>
    </ClCompile>
    <ClCompile Include="LuaVM\Console.cpp">
      <Filter>System Folders\LuaVM</Filter>
    </ClCompile>
    <ClCompile Include="LuaVM\VM.cpp">
      <Filter>System Folders\LuaVM</Filter>
    </ClCompile>
    <ClCompile Include="_Main\DirectX\SwapChain.cpp">
      <Filter>Source App\Immediate Mode</Filter>
    </ClCompile>
    <ClCompile Include="_Main\DirectX\WndProc.cpp">
      <Filter>Source App\Immediate Mode</Filter>
    </ClCompile>
    <ClCompile Include="Misc.cpp">
      <Filter>Whatever Files</Filter>
    </ClCompile>
    <ClCompile Include="_Main\Win32\main.cpp">
      <Filter>Source App</Filter>
    </ClCompile>
    <ClCompile Include="_Main\Win32\Terminal.cpp">
      <Filter>Source App\Debug Mode</Filter>
    </ClCompile>
    <ClCompile Include="Memory.cpp">
      <Filter>Source App\Debug Mode</Filter>
    </ClCompile>
  </ItemGroup>
  <ItemGroup>
    <ClInclude Include="ActionSystem\ActionManager.h">
      <Filter>System Folders\Action System</Filter>
    </ClInclude>
    <ClInclude Include="UserSystem\UserManager.h">
      <Filter>System Folders\User System</Filter>
    </ClInclude>
    <ClInclude Include="LuaVM\Scripts.h">
      <Filter>System Folders\LuaVM</Filter>
    </ClInclude>
    <ClInclude Include="xiv\ChatLog.h">
      <Filter>Whatever Files\Header Files</Filter>
    </ClInclude>
    <ClInclude Include="xiv\Market.h">
      <Filter>Whatever Files\Header Files</Filter>
    </ClInclude>
    <ClInclude Include="xiv\Network.h">
      <Filter>Whatever Files\Header Files</Filter>
    </ClInclude>
    <ClInclude Include="xiv\Quest.h">
      <Filter>Whatever Files\Header Files</Filter>
    </ClInclude>
    <ClInclude Include="_Main\base.h">
      <Filter>Source App\Core Headers</Filter>
    </ClInclude>
    <ClInclude Include="_Main\logs.h">
      <Filter>Source App\Core Headers</Filter>
    </ClInclude>
    <ClInclude Include="_Main\user.h">
      <Filter>Source App\Core Headers</Filter>
    </ClInclude>
    <ClInclude Include="_Main\vmt.h">
      <Filter>Source App\Core Headers</Filter>
    </ClInclude>
    <ClInclude Include="_Resources\resource.h">
      <Filter>Source App\Additional Files</Filter>
    </ClInclude>
    <ClInclude Include="Headers\Actor.h">
      <Filter>System Folders\Structures</Filter>
    </ClInclude>
    <ClInclude Include="Headers\Managers.h">
      <Filter>System Folders</Filter>
    </ClInclude>
    <ClInclude Include="Headers\types.h">
      <Filter>System Folders\Structures</Filter>
    </ClInclude>
  </ItemGroup>
  <ItemGroup>
    <ResourceCompile Include="_Resources\project.rc">
      <Filter>Source App\Additional Files</Filter>
    </ResourceCompile>
  </ItemGroup>
</Project>